
Microsoft Visual Studio Solution File, Format Version 12.00
# Visual Studio Version 17
VisualStudioVersion = 17.5.33502.453
MinimumVisualStudioVersion = 10.0.40219.1
Project("{FAE04EC0-301F-11D3-BF4B-00C04F79EFBC}") = "zadaci", "zadaci\zadaci.csproj", "{0212A9DD-7B5F-411F-8051-CF493A01BD3C}"
EndProject
Global
	GlobalSection(SolutionConfigurationPlatforms) = preSolution
		Debug|Any CPU = Debug|Any CPU
		Release|Any CPU = Release|Any CPU
	EndGlobalSection
	GlobalSection(ProjectConfigurationPlatforms) = postSolution
		{0212A9DD-7B5F-411F-8051-CF493A01BD3C}.Debug|Any CPU.ActiveCfg = Debug|Any CPU
		{0212A9DD-7B5F-411F-8051-CF493A01BD3C}.Debug|Any CPU.Build.0 = Debug|Any CPU
		{0212A9DD-7B5F-411F-8051-CF493A01BD3C}.Release|Any CPU.ActiveCfg = Release|Any CPU
		{0212A9DD-7B5F-411F-8051-CF493A01BD3C}.Release|Any CPU.Build.0 = Release|Any CPU
	EndGlobalSection
	GlobalSection(SolutionProperties) = preSolution
		HideSolutionNode = FALSE
	EndGlobalSection
	GlobalSection(ExtensibilityGlobals) = postSolution
		SolutionGuid = {D43C142B-2C0C-43A9-90AF-7ACC1B08A583}
	EndGlobalSection
EndGlobal
